
Microsoft Visual Studio Solution File, Format Version 12.00
# Visual Studio 15
VisualStudioVersion = 15.0.28307.572
MinimumVisualStudioVersion = 10.0.40219.1
Project("{FAE04EC0-301F-11D3-BF4B-00C04F79EFBC}") = "Excepciones", "Excepciones\Excepciones.csproj", "{4A714BD4-B9A7-4E0C-B1D2-780584D2B299}"
EndProject
Global
	GlobalSection(SolutionConfigurationPlatforms) = preSolution
		Debug|Any CPU = Debug|Any CPU
		Release|Any CPU = Release|Any CPU
	EndGlobalSection
	GlobalSection(ProjectConfigurationPlatforms) = postSolution
		{4A714BD4-B9A7-4E0C-B1D2-780584D2B299}.Debug|Any CPU.ActiveCfg = Debug|Any CPU
		{4A714BD4-B9A7-4E0C-B1D2-780584D2B299}.Debug|Any CPU.Build.0 = Debug|Any CPU
		{4A714BD4-B9A7-4E0C-B1D2-780584D2B299}.Release|Any CPU.ActiveCfg = Release|Any CPU
		{4A714BD4-B9A7-4E0C-B1D2-780584D2B299}.Release|Any CPU.Build.0 = Release|Any CPU
	EndGlobalSection
	GlobalSection(SolutionProperties) = preSolution
		HideSolutionNode = FALSE
	EndGlobalSection
	GlobalSection(ExtensibilityGlobals) = postSolution
		SolutionGuid = {31C34D8B-6E21-4595-A63A-52F61F78B9CE}
	EndGlobalSection
EndGlobal
